// !$*UTF8*$!
{
	archiveVersion = 1;
	classes = {
	};
	objectVersion = 46;
	objects = {

/* Begin PBXBuildFile section */
		E072F5891D6339D80054C984 /* SearchNetworkOperation.swift in Sources */ = {isa = PBXBuildFile; fileRef = E072F5881D6339D80054C984 /* SearchNetworkOperation.swift */; };
		E072F58B1D633B970054C984 /* MusicSearchOperation.swift in Sources */ = {isa = PBXBuildFile; fileRef = E072F58A1D633B970054C984 /* MusicSearchOperation.swift */; };
		E072F58D1D6346710054C984 /* BooksSearchOperation.swift in Sources */ = {isa = PBXBuildFile; fileRef = E072F58C1D6346710054C984 /* BooksSearchOperation.swift */; };
		E072F58F1D636CA30054C984 /* SearchOperationsManger.swift in Sources */ = {isa = PBXBuildFile; fileRef = E072F58E1D636CA30054C984 /* SearchOperationsManger.swift */; };
		E07A52191D61BF310051B2FC /* Song.swift in Sources */ = {isa = PBXBuildFile; fileRef = E07A52181D61BF310051B2FC /* Song.swift */; };
		E07A521B1D61BF490051B2FC /* Book.swift in Sources */ = {isa = PBXBuildFile; fileRef = E07A521A1D61BF490051B2FC /* Book.swift */; };
		E094E7C61D637D9800EF825F /* MusicTableViewCell.swift in Sources */ = {isa = PBXBuildFile; fileRef = E094E7C41D637D9800EF825F /* MusicTableViewCell.swift */; };
		E094E7CA1D6380A300EF825F /* BookTableViewCell.swift in Sources */ = {isa = PBXBuildFile; fileRef = E094E7C81D6380A300EF825F /* BookTableViewCell.swift */; };
		E09C5F6F1D62306F0025E77A /* NetworkOperation.swift in Sources */ = {isa = PBXBuildFile; fileRef = E09C5F6E1D62306F0025E77A /* NetworkOperation.swift */; };
		E0F3198B1D5CDDD600FBA78F /* AppDelegate.swift in Sources */ = {isa = PBXBuildFile; fileRef = E0F3198A1D5CDDD600FBA78F /* AppDelegate.swift */; };
		E0F319901D5CDDD600FBA78F /* Main.storyboard in Resources */ = {isa = PBXBuildFile; fileRef = E0F3198E1D5CDDD600FBA78F /* Main.storyboard */; };
		E0F319921D5CDDD700FBA78F /* Assets.xcassets in Resources */ = {isa = PBXBuildFile; fileRef = E0F319911D5CDDD700FBA78F /* Assets.xcassets */; };
		E0F319951D5CDDD700FBA78F /* LaunchScreen.storyboard in Resources */ = {isa = PBXBuildFile; fileRef = E0F319931D5CDDD700FBA78F /* LaunchScreen.storyboard */; };
		E0F319A01D5CDDD700FBA78F /* BooksAndMusicSearchTests.swift in Sources */ = {isa = PBXBuildFile; fileRef = E0F3199F1D5CDDD700FBA78F /* BooksAndMusicSearchTests.swift */; };
		E0F319AB1D5CDDD700FBA78F /* BooksAndMusicSearchUITests.swift in Sources */ = {isa = PBXBuildFile; fileRef = E0F319AA1D5CDDD700FBA78F /* BooksAndMusicSearchUITests.swift */; };
		E0F319BC1D5CEA2C00FBA78F /* MainViewController.swift in Sources */ = {isa = PBXBuildFile; fileRef = E0F319BB1D5CEA2C00FBA78F /* MainViewController.swift */; };
/* End PBXBuildFile section */

/* Begin PBXContainerItemProxy section */
		E0F3199C1D5CDDD700FBA78F /* PBXContainerItemProxy */ = {
			isa = PBXContainerItemProxy;
			containerPortal = E0F3197F1D5CDDD600FBA78F /* Project object */;
			proxyType = 1;
			remoteGlobalIDString = E0F319861D5CDDD600FBA78F;
			remoteInfo = BooksAndMusicSearch;
		};
		E0F319A71D5CDDD700FBA78F /* PBXContainerItemProxy */ = {
			isa = PBXContainerItemProxy;
			containerPortal = E0F3197F1D5CDDD600FBA78F /* Project object */;
			proxyType = 1;
			remoteGlobalIDString = E0F319861D5CDDD600FBA78F;
			remoteInfo = BooksAndMusicSearch;
		};
/* End PBXContainerItemProxy section */

/* Begin PBXFileReference section */
		E072F5881D6339D80054C984 /* SearchNetworkOperation.swift */ = {isa = PBXFileReference; fileEncoding = 4; lastKnownFileType = sourcecode.swift; path = SearchNetworkOperation.swift; sourceTree = "<group>"; };
		E072F58A1D633B970054C984 /* MusicSearchOperation.swift */ = {isa = PBXFileReference; fileEncoding = 4; lastKnownFileType = sourcecode.swift; path = MusicSearchOperation.swift; sourceTree = "<group>"; };
		E072F58C1D6346710054C984 /* BooksSearchOperation.swift */ = {isa = PBXFileReference; fileEncoding = 4; lastKnownFileType = sourcecode.swift; path = BooksSearchOperation.swift; sourceTree = "<group>"; };
		E072F58E1D636CA30054C984 /* SearchOperationsManger.swift */ = {isa = PBXFileReference; fileEncoding = 4; lastKnownFileType = sourcecode.swift; path = SearchOperationsManger.swift; sourceTree = "<group>"; };
		E07A52181D61BF310051B2FC /* Song.swift */ = {isa = PBXFileReference; fileEncoding = 4; lastKnownFileType = sourcecode.swift; path = Song.swift; sourceTree = "<group>"; };
		E07A521A1D61BF490051B2FC /* Book.swift */ = {isa = PBXFileReference; fileEncoding = 4; lastKnownFileType = sourcecode.swift; path = Book.swift; sourceTree = "<group>"; };
		E094E7C41D637D9800EF825F /* MusicTableViewCell.swift */ = {isa = PBXFileReference; fileEncoding = 4; lastKnownFileType = sourcecode.swift; path = MusicTableViewCell.swift; sourceTree = "<group>"; };
		E094E7C81D6380A300EF825F /* BookTableViewCell.swift */ = {isa = PBXFileReference; fileEncoding = 4; lastKnownFileType = sourcecode.swift; path = BookTableViewCell.swift; sourceTree = "<group>"; };
		E09C5F6E1D62306F0025E77A /* NetworkOperation.swift */ = {isa = PBXFileReference; fileEncoding = 4; lastKnownFileType = sourcecode.swift; path = NetworkOperation.swift; sourceTree = "<group>"; };
		E0F319871D5CDDD600FBA78F /* BooksAndMusicSearch.app */ = {isa = PBXFileReference; explicitFileType = wrapper.application; includeInIndex = 0; path = BooksAndMusicSearch.app; sourceTree = BUILT_PRODUCTS_DIR; };
		E0F3198A1D5CDDD600FBA78F /* AppDelegate.swift */ = {isa = PBXFileReference; lastKnownFileType = sourcecode.swift; path = AppDelegate.swift; sourceTree = "<group>"; };
		E0F3198F1D5CDDD600FBA78F /* Base */ = {isa = PBXFileReference; lastKnownFileType = file.storyboard; name = Base; path = Base.lproj/Main.storyboard; sourceTree = "<group>"; };
		E0F319911D5CDDD700FBA78F /* Assets.xcassets */ = {isa = PBXFileReference; lastKnownFileType = folder.assetcatalog; path = Assets.xcassets; sourceTree = "<group>"; };
		E0F319941D5CDDD700FBA78F /* Base */ = {isa = PBXFileReference; lastKnownFileType = file.storyboard; name = Base; path = Base.lproj/LaunchScreen.storyboard; sourceTree = "<group>"; };
		E0F319961D5CDDD700FBA78F /* Info.plist */ = {isa = PBXFileReference; lastKnownFileType = text.plist.xml; path = Info.plist; sourceTree = "<group>"; };
		E0F3199B1D5CDDD700FBA78F /* BooksAndMusicSearchTests.xctest */ = {isa = PBXFileReference; explicitFileType = wrapper.cfbundle; includeInIndex = 0; path = BooksAndMusicSearchTests.xctest; sourceTree = BUILT_PRODUCTS_DIR; };
		E0F3199F1D5CDDD700FBA78F /* BooksAndMusicSearchTests.swift */ = {isa = PBXFileReference; lastKnownFileType = sourcecode.swift; path = BooksAndMusicSearchTests.swift; sourceTree = "<group>"; };
		E0F319A11D5CDDD700FBA78F /* Info.plist */ = {isa = PBXFileReference; lastKnownFileType = text.plist.xml; path = Info.plist; sourceTree = "<group>"; };
		E0F319A61D5CDDD700FBA78F /* BooksAndMusicSearchUITests.xctest */ = {isa = PBXFileReference; explicitFileType = wrapper.cfbundle; includeInIndex = 0; path = BooksAndMusicSearchUITests.xctest; sourceTree = BUILT_PRODUCTS_DIR; };
		E0F319AA1D5CDDD700FBA78F /* BooksAndMusicSearchUITests.swift */ = {isa = PBXFileReference; lastKnownFileType = sourcecode.swift; path = BooksAndMusicSearchUITests.swift; sourceTree = "<group>"; };
		E0F319AC1D5CDDD700FBA78F /* Info.plist */ = {isa = PBXFileReference; lastKnownFileType = text.plist.xml; path = Info.plist; sourceTree = "<group>"; };
		E0F319BB1D5CEA2C00FBA78F /* MainViewController.swift */ = {isa = PBXFileReference; fileEncoding = 4; lastKnownFileType = sourcecode.swift; path = MainViewController.swift; sourceTree = "<group>"; };
/* End PBXFileReference section */

/* Begin PBXFrameworksBuildPhase section */
		E0F319841D5CDDD600FBA78F /* Frameworks */ = {
			isa = PBXFrameworksBuildPhase;
			buildActionMask = 2147483647;
			files = (
			);
			runOnlyForDeploymentPostprocessing = 0;
		};
		E0F319981D5CDDD700FBA78F /* Frameworks */ = {
			isa = PBXFrameworksBuildPhase;
			buildActionMask = 2147483647;
			files = (
			);
			runOnlyForDeploymentPostprocessing = 0;
		};
		E0F319A31D5CDDD700FBA78F /* Frameworks */ = {
			isa = PBXFrameworksBuildPhase;
			buildActionMask = 2147483647;
			files = (
			);
			runOnlyForDeploymentPostprocessing = 0;
		};
/* End PBXFrameworksBuildPhase section */

/* Begin PBXGroup section */
		E094E7C31D637D6600EF825F /* Views */ = {
			isa = PBXGroup;
			children = (
				E094E7C41D637D9800EF825F /* MusicTableViewCell.swift */,
				E094E7C81D6380A300EF825F /* BookTableViewCell.swift */,
			);
			path = Views;
			sourceTree = "<group>";
		};
		E0E9CF831D60788200B1BF5E /* Models */ = {
			isa = PBXGroup;
			children = (
				E07A52181D61BF310051B2FC /* Song.swift */,
				E07A521A1D61BF490051B2FC /* Book.swift */,
			);
			path = Models;
			sourceTree = "<group>";
		};
		E0E9CF841D608E2B00B1BF5E /* Networking */ = {
			isa = PBXGroup;
			children = (
				E09C5F6E1D62306F0025E77A /* NetworkOperation.swift */,
				E072F5881D6339D80054C984 /* SearchNetworkOperation.swift */,
				E072F58A1D633B970054C984 /* MusicSearchOperation.swift */,
				E072F58C1D6346710054C984 /* BooksSearchOperation.swift */,
				E072F58E1D636CA30054C984 /* SearchOperationsManger.swift */,
			);
			path = Networking;
			sourceTree = "<group>";
		};
		E0F3197E1D5CDDD600FBA78F = {
			isa = PBXGroup;
			children = (
				E0F319891D5CDDD600FBA78F /* BooksAndMusicSearch */,
				E0F3199E1D5CDDD700FBA78F /* BooksAndMusicSearchTests */,
				E0F319A91D5CDDD700FBA78F /* BooksAndMusicSearchUITests */,
				E0F319881D5CDDD600FBA78F /* Products */,
			);
			sourceTree = "<group>";
		};
		E0F319881D5CDDD600FBA78F /* Products */ = {
			isa = PBXGroup;
			children = (
				E0F319871D5CDDD600FBA78F /* BooksAndMusicSearch.app */,
				E0F3199B1D5CDDD700FBA78F /* BooksAndMusicSearchTests.xctest */,
				E0F319A61D5CDDD700FBA78F /* BooksAndMusicSearchUITests.xctest */,
			);
			name = Products;
			sourceTree = "<group>";
		};
		E0F319891D5CDDD600FBA78F /* BooksAndMusicSearch */ = {
			isa = PBXGroup;
			children = (
				E0F319BA1D5CE9F200FBA78F /* ViewControllers */,
				E0F319B91D5CE5D500FBA78F /* Storyboards */,
				E094E7C31D637D6600EF825F /* Views */,
				E0E9CF831D60788200B1BF5E /* Models */,
				E0E9CF841D608E2B00B1BF5E /* Networking */,
				E0F319B81D5CE56600FBA78F /* App */,
			);
			path = BooksAndMusicSearch;
			sourceTree = "<group>";
		};
		E0F3199E1D5CDDD700FBA78F /* BooksAndMusicSearchTests */ = {
			isa = PBXGroup;
			children = (
				E0F3199F1D5CDDD700FBA78F /* BooksAndMusicSearchTests.swift */,
				E0F319A11D5CDDD700FBA78F /* Info.plist */,
			);
			path = BooksAndMusicSearchTests;
			sourceTree = "<group>";
		};
		E0F319A91D5CDDD700FBA78F /* BooksAndMusicSearchUITests */ = {
			isa = PBXGroup;
			children = (
				E0F319AA1D5CDDD700FBA78F /* BooksAndMusicSearchUITests.swift */,
				E0F319AC1D5CDDD700FBA78F /* Info.plist */,
			);
			path = BooksAndMusicSearchUITests;
			sourceTree = "<group>";
		};
		E0F319B81D5CE56600FBA78F /* App */ = {
			isa = PBXGroup;
			children = (
				E0F3198A1D5CDDD600FBA78F /* AppDelegate.swift */,
				E0F319911D5CDDD700FBA78F /* Assets.xcassets */,
				E0F319961D5CDDD700FBA78F /* Info.plist */,
			);
			path = App;
			sourceTree = "<group>";
		};
		E0F319B91D5CE5D500FBA78F /* Storyboards */ = {
			isa = PBXGroup;
			children = (
				E0F3198E1D5CDDD600FBA78F /* Main.storyboard */,
				E0F319931D5CDDD700FBA78F /* LaunchScreen.storyboard */,
			);
			path = Storyboards;
			sourceTree = "<group>";
		};
		E0F319BA1D5CE9F200FBA78F /* ViewControllers */ = {
			isa = PBXGroup;
			children = (
				E0F319BB1D5CEA2C00FBA78F /* MainViewController.swift */,
			);
			path = ViewControllers;
			sourceTree = "<group>";
		};
/* End PBXGroup section */

/* Begin PBXNativeTarget section */
		E0F319861D5CDDD600FBA78F /* BooksAndMusicSearch */ = {
			isa = PBXNativeTarget;
			buildConfigurationList = E0F319AF1D5CDDD700FBA78F /* Build configuration list for PBXNativeTarget "BooksAndMusicSearch" */;
			buildPhases = (
				E0F319831D5CDDD600FBA78F /* Sources */,
				E0F319841D5CDDD600FBA78F /* Frameworks */,
				E0F319851D5CDDD600FBA78F /* Resources */,
			);
			buildRules = (
			);
			dependencies = (
			);
			name = BooksAndMusicSearch;
			productName = BooksAndMusicSearch;
			productReference = E0F319871D5CDDD600FBA78F /* BooksAndMusicSearch.app */;
			productType = "com.apple.product-type.application";
		};
		E0F3199A1D5CDDD700FBA78F /* BooksAndMusicSearchTests */ = {
			isa = PBXNativeTarget;
			buildConfigurationList = E0F319B21D5CDDD700FBA78F /* Build configuration list for PBXNativeTarget "BooksAndMusicSearchTests" */;
			buildPhases = (
				E0F319971D5CDDD700FBA78F /* Sources */,
				E0F319981D5CDDD700FBA78F /* Frameworks */,
				E0F319991D5CDDD700FBA78F /* Resources */,
			);
			buildRules = (
			);
			dependencies = (
				E0F3199D1D5CDDD700FBA78F /* PBXTargetDependency */,
			);
			name = BooksAndMusicSearchTests;
			productName = BooksAndMusicSearchTests;
			productReference = E0F3199B1D5CDDD700FBA78F /* BooksAndMusicSearchTests.xctest */;
			productType = "com.apple.product-type.bundle.unit-test";
		};
		E0F319A51D5CDDD700FBA78F /* BooksAndMusicSearchUITests */ = {
			isa = PBXNativeTarget;
			buildConfigurationList = E0F319B51D5CDDD700FBA78F /* Build configuration list for PBXNativeTarget "BooksAndMusicSearchUITests" */;
			buildPhases = (
				E0F319A21D5CDDD700FBA78F /* Sources */,
				E0F319A31D5CDDD700FBA78F /* Frameworks */,
				E0F319A41D5CDDD700FBA78F /* Resources */,
			);
			buildRules = (
			);
			dependencies = (
				E0F319A81D5CDDD700FBA78F /* PBXTargetDependency */,
			);
			name = BooksAndMusicSearchUITests;
			productName = BooksAndMusicSearchUITests;
			productReference = E0F319A61D5CDDD700FBA78F /* BooksAndMusicSearchUITests.xctest */;
			productType = "com.apple.product-type.bundle.ui-testing";
		};
/* End PBXNativeTarget section */

/* Begin PBXProject section */
		E0F3197F1D5CDDD600FBA78F /* Project object */ = {
			isa = PBXProject;
			attributes = {
				LastSwiftUpdateCheck = 0730;
				LastUpgradeCheck = 0730;
				ORGANIZATIONNAME = JoLi;
				TargetAttributes = {
					E0F319861D5CDDD600FBA78F = {
						CreatedOnToolsVersion = 7.3;
						DevelopmentTeam = B2328STN6B;
					};
					E0F3199A1D5CDDD700FBA78F = {
						CreatedOnToolsVersion = 7.3;
						TestTargetID = E0F319861D5CDDD600FBA78F;
					};
					E0F319A51D5CDDD700FBA78F = {
						CreatedOnToolsVersion = 7.3;
						TestTargetID = E0F319861D5CDDD600FBA78F;
					};
				};
			};
			buildConfigurationList = E0F319821D5CDDD600FBA78F /* Build configuration list for PBXProject "BooksAndMusicSearch" */;
			compatibilityVersion = "Xcode 3.2";
			developmentRegion = English;
			hasScannedForEncodings = 0;
			knownRegions = (
				en,
				Base,
			);
			mainGroup = E0F3197E1D5CDDD600FBA78F;
			productRefGroup = E0F319881D5CDDD600FBA78F /* Products */;
			projectDirPath = "";
			projectRoot = "";
			targets = (
				E0F319861D5CDDD600FBA78F /* BooksAndMusicSearch */,
				E0F3199A1D5CDDD700FBA78F /* BooksAndMusicSearchTests */,
				E0F319A51D5CDDD700FBA78F /* BooksAndMusicSearchUITests */,
			);
		};
/* End PBXProject section */

/* Begin PBXResourcesBuildPhase section */
		E0F319851D5CDDD600FBA78F /* Resources */ = {
			isa = PBXResourcesBuildPhase;
			buildActionMask = 2147483647;
			files = (
				E0F319951D5CDDD700FBA78F /* LaunchScreen.storyboard in Resources */,
				E0F319921D5CDDD700FBA78F /* Assets.xcassets in Resources */,
				E0F319901D5CDDD600FBA78F /* Main.storyboard in Resources */,
			);
			runOnlyForDeploymentPostprocessing = 0;
		};
		E0F319991D5CDDD700FBA78F /* Resources */ = {
			isa = PBXResourcesBuildPhase;
			buildActionMask = 2147483647;
			files = (
			);
			runOnlyForDeploymentPostprocessing = 0;
		};
		E0F319A41D5CDDD700FBA78F /* Resources */ = {
			isa = PBXResourcesBuildPhase;
			buildActionMask = 2147483647;
			files = (
			);
			runOnlyForDeploymentPostprocessing = 0;
		};
/* End PBXResourcesBuildPhase section */

/* Begin PBXSourcesBuildPhase section */
		E0F319831D5CDDD600FBA78F /* Sources */ = {
			isa = PBXSourcesBuildPhase;
			buildActionMask = 2147483647;
			files = (
				E072F5891D6339D80054C984 /* SearchNetworkOperation.swift in Sources */,
				E0F3198B1D5CDDD600FBA78F /* AppDelegate.swift in Sources */,
				E072F58F1D636CA30054C984 /* SearchOperationsManger.swift in Sources */,
				E094E7CA1D6380A300EF825F /* BookTableViewCell.swift in Sources */,
				E0F319BC1D5CEA2C00FBA78F /* MainViewController.swift in Sources */,
				E07A521B1D61BF490051B2FC /* Book.swift in Sources */,
				E094E7C61D637D9800EF825F /* MusicTableViewCell.swift in Sources */,
				E09C5F6F1D62306F0025E77A /* NetworkOperation.swift in Sources */,
				E072F58B1D633B970054C984 /* MusicSearchOperation.swift in Sources */,
				E072F58D1D6346710054C984 /* BooksSearchOperation.swift in Sources */,
				E07A52191D61BF310051B2FC /* Song.swift in Sources */,
			);
			runOnlyForDeploymentPostprocessing = 0;
		};
		E0F319971D5CDDD700FBA78F /* Sources */ = {
			isa = PBXSourcesBuildPhase;
			buildActionMask = 2147483647;
			files = (
				E0F319A01D5CDDD700FBA78F /* BooksAndMusicSearchTests.swift in Sources */,
			);
			runOnlyForDeploymentPostprocessing = 0;
		};
		E0F319A21D5CDDD700FBA78F /* Sources */ = {
			isa = PBXSourcesBuildPhase;
			buildActionMask = 2147483647;
			files = (
				E0F319AB1D5CDDD700FBA78F /* BooksAndMusicSearchUITests.swift in Sources */,
			);
			runOnlyForDeploymentPostprocessing = 0;
		};
/* End PBXSourcesBuildPhase section */

/* Begin PBXTargetDependency section */
		E0F3199D1D5CDDD700FBA78F /* PBXTargetDependency */ = {
			isa = PBXTargetDependency;
			target = E0F319861D5CDDD600FBA78F /* BooksAndMusicSearch */;
			targetProxy = E0F3199C1D5CDDD700FBA78F /* PBXContainerItemProxy */;
		};
		E0F319A81D5CDDD700FBA78F /* PBXTargetDependency */ = {
			isa = PBXTargetDependency;
			target = E0F319861D5CDDD600FBA78F /* BooksAndMusicSearch */;
			targetProxy = E0F319A71D5CDDD700FBA78F /* PBXContainerItemProxy */;
		};
/* End PBXTargetDependency section */

/* Begin PBXVariantGroup section */
		E0F3198E1D5CDDD600FBA78F /* Main.storyboard */ = {
			isa = PBXVariantGroup;
			children = (
				E0F3198F1D5CDDD600FBA78F /* Base */,
			);
			name = Main.storyboard;
			sourceTree = "<group>";
		};
		E0F319931D5CDDD700FBA78F /* LaunchScreen.storyboard */ = {
			isa = PBXVariantGroup;
			children = (
				E0F319941D5CDDD700FBA78F /* Base */,
			);
			name = LaunchScreen.storyboard;
			sourceTree = "<group>";
		};
/* End PBXVariantGroup section */

/* Begin XCBuildConfiguration section */
		E0F319AD1D5CDDD700FBA78F /* Debug */ = {
			isa = XCBuildConfiguration;
			buildSettings = {
				ALWAYS_SEARCH_USER_PATHS = NO;
				CLANG_ANALYZER_NONNULL = YES;
				CLANG_CXX_LANGUAGE_STANDARD = "gnu++0x";
				CLANG_CXX_LIBRARY = "libc++";
				CLANG_ENABLE_MODULES = YES;
				CLANG_ENABLE_OBJC_ARC = YES;
				CLANG_WARN_BOOL_CONVERSION = YES;
				CLANG_WARN_CONSTANT_CONVERSION = YES;
				CLANG_WARN_DIRECT_OBJC_ISA_USAGE = YES_ERROR;
				CLANG_WARN_EMPTY_BODY = YES;
				CLANG_WARN_ENUM_CONVERSION = YES;
				CLANG_WARN_INT_CONVERSION = YES;
				CLANG_WARN_OBJC_ROOT_CLASS = YES_ERROR;
				CLANG_WARN_UNREACHABLE_CODE = YES;
				CLANG_WARN__DUPLICATE_METHOD_MATCH = YES;
				"CODE_SIGN_IDENTITY[sdk=iphoneos*]" = "iPhone Developer";
				COPY_PHASE_STRIP = NO;
				DEBUG_INFORMATION_FORMAT = dwarf;
				ENABLE_STRICT_OBJC_MSGSEND = YES;
				ENABLE_TESTABILITY = YES;
				GCC_C_LANGUAGE_STANDARD = gnu99;
				GCC_DYNAMIC_NO_PIC = NO;
				GCC_NO_COMMON_BLOCKS = YES;
				GCC_OPTIMIZATION_LEVEL = 0;
				GCC_PREPROCESSOR_DEFINITIONS = (
					"DEBUG=1",
					"$(inherited)",
				);
				GCC_WARN_64_TO_32_BIT_CONVERSION = YES;
				GCC_WARN_ABOUT_RETURN_TYPE = YES_ERROR;
				GCC_WARN_UNDECLARED_SELECTOR = YES;
				GCC_WARN_UNINITIALIZED_AUTOS = YES_AGGRESSIVE;
				GCC_WARN_UNUSED_FUNCTION = YES;
				GCC_WARN_UNUSED_VARIABLE = YES;
				IPHONEOS_DEPLOYMENT_TARGET = 9.3;
				MTL_ENABLE_DEBUG_INFO = YES;
				ONLY_ACTIVE_ARCH = YES;
				SDKROOT = iphoneos;
				SWIFT_OPTIMIZATION_LEVEL = "-Onone";
			};
			name = Debug;
		};
		E0F319AE1D5CDDD700FBA78F /* Release */ = {
			isa = XCBuildConfiguration;
			buildSettings = {
				ALWAYS_SEARCH_USER_PATHS = NO;
				CLANG_ANALYZER_NONNULL = YES;
				CLANG_CXX_LANGUAGE_STANDARD = "gnu++0x";
				CLANG_CXX_LIBRARY = "libc++";
				CLANG_ENABLE_MODULES = YES;
				CLANG_ENABLE_OBJC_ARC = YES;
				CLANG_WARN_BOOL_CONVERSION = YES;
				CLANG_WARN_CONSTANT_CONVERSION = YES;
				CLANG_WARN_DIRECT_OBJC_ISA_USAGE = YES_ERROR;
				CLANG_WARN_EMPTY_BODY = YES;
				CLANG_WARN_ENUM_CONVERSION = YES;
				CLANG_WARN_INT_CONVERSION = YES;
				CLANG_WARN_OBJC_ROOT_CLASS = YES_ERROR;
				CLANG_WARN_UNREACHABLE_CODE = YES;
				CLANG_WARN__DUPLICATE_METHOD_MATCH = YES;
				"CODE_SIGN_IDENTITY[sdk=iphoneos*]" = "iPhone Developer";
				COPY_PHASE_STRIP = NO;
				DEBUG_INFORMATION_FORMAT = "dwarf-with-dsym";
				ENABLE_NS_ASSERTIONS = NO;
				ENABLE_STRICT_OBJC_MSGSEND = YES;
				GCC_C_LANGUAGE_STANDARD = gnu99;
				GCC_NO_COMMON_BLOCKS = YES;
				GCC_WARN_64_TO_32_BIT_CONVERSION = YES;
				GCC_WARN_ABOUT_RETURN_TYPE = YES_ERROR;
				GCC_WARN_UNDECLARED_SELECTOR = YES;
				GCC_WARN_UNINITIALIZED_AUTOS = YES_AGGRESSIVE;
				GCC_WARN_UNUSED_FUNCTION = YES;
				GCC_WARN_UNUSED_VARIABLE = YES;
				IPHONEOS_DEPLOYMENT_TARGET = 9.3;
				MTL_ENABLE_DEBUG_INFO = NO;
				SDKROOT = iphoneos;
				VALIDATE_PRODUCT = YES;
			};
			name = Release;
		};
		E0F319B01D5CDDD700FBA78F /* Debug */ = {
			isa = XCBuildConfiguration;
			buildSettings = {
				ASSETCATALOG_COMPILER_APPICON_NAME = AppIcon;
				CODE_SIGN_IDENTITY = "iPhone Developer";
				INFOPLIST_FILE = "$(SRCROOT)/BooksAndMusicSearch/App/Info.plist";
				LD_RUNPATH_SEARCH_PATHS = "$(inherited) @executable_path/Frameworks";
				PRODUCT_BUNDLE_IDENTIFIER = com.joli.BooksAndMusicSearch;
				PRODUCT_NAME = "$(TARGET_NAME)";
				SWIFT_VERSION = 2.3;
			};
			name = Debug;
		};
		E0F319B11D5CDDD700FBA78F /* Release */ = {
			isa = XCBuildConfiguration;
			buildSettings = {
				ASSETCATALOG_COMPILER_APPICON_NAME = AppIcon;
				CODE_SIGN_IDENTITY = "iPhone Developer";
				INFOPLIST_FILE = "$(SRCROOT)/BooksAndMusicSearch/App/Info.plist";
				LD_RUNPATH_SEARCH_PATHS = "$(inherited) @executable_path/Frameworks";
				PRODUCT_BUNDLE_IDENTIFIER = com.joli.BooksAndMusicSearch;
				PRODUCT_NAME = "$(TARGET_NAME)";
				SWIFT_VERSION = 2.3;
			};
			name = Release;
		};
		E0F319B31D5CDDD700FBA78F /* Debug */ = {
			isa = XCBuildConfiguration;
			buildSettings = {
				BUNDLE_LOADER = "$(TEST_HOST)";
				INFOPLIST_FILE = BooksAndMusicSearchTests/Info.plist;
				LD_RUNPATH_SEARCH_PATHS = "$(inherited) @executable_path/Frameworks @loader_path/Frameworks";
				PRODUCT_BUNDLE_IDENTIFIER = com.joli.BooksAndMusicSearchTests;
				PRODUCT_NAME = "$(TARGET_NAME)";
				TEST_HOST = "$(BUILT_PRODUCTS_DIR)/BooksAndMusicSearch.app/BooksAndMusicSearch";
			};
			name = Debug;
		};
		E0F319B41D5CDDD700FBA78F /* Release */ = {
			isa = XCBuildConfiguration;
			buildSettings = {
				BUNDLE_LOADER = "$(TEST_HOST)";
				INFOPLIST_FILE = BooksAndMusicSearchTests/Info.plist;
				LD_RUNPATH_SEARCH_PATHS = "$(inherited) @executable_path/Frameworks @loader_path/Frameworks";
				PRODUCT_BUNDLE_IDENTIFIER = com.joli.BooksAndMusicSearchTests;
				PRODUCT_NAME = "$(TARGET_NAME)";
				TEST_HOST = "$(BUILT_PRODUCTS_DIR)/BooksAndMusicSearch.app/BooksAndMusicSearch";
			};
			name = Release;
		};
		E0F319B61D5CDDD700FBA78F /* Debug */ = {
			isa = XCBuildConfiguration;
			buildSettings = {
				INFOPLIST_FILE = BooksAndMusicSearchUITests/Info.plist;
				LD_RUNPATH_SEARCH_PATHS = "$(inherited) @executable_path/Frameworks @loader_path/Frameworks";
				PRODUCT_BUNDLE_IDENTIFIER = com.joli.BooksAndMusicSearchUITests;
				PRODUCT_NAME = "$(TARGET_NAME)";
				TEST_TARGET_NAME = BooksAndMusicSearch;
			};
			name = Debug;
		};
		E0F319B71D5CDDD700FBA78F /* Release */ = {
			isa = XCBuildConfiguration;
			buildSettings = {
				INFOPLIST_FILE = BooksAndMusicSearchUITests/Info.plist;
				LD_RUNPATH_SEARCH_PATHS = "$(inherited) @executable_path/Frameworks @loader_path/Frameworks";
				PRODUCT_BUNDLE_IDENTIFIER = com.joli.BooksAndMusicSearchUITests;
				PRODUCT_NAME = "$(TARGET_NAME)";
				TEST_TARGET_NAME = BooksAndMusicSearch;
			};
			name = Release;
		};
/* End XCBuildConfiguration section */

/* Begin XCConfigurationList section */
		E0F319821D5CDDD600FBA78F /* Build configuration list for PBXProject "BooksAndMusicSearch" */ = {
			isa = XCConfigurationList;
			buildConfigurations = (
				E0F319AD1D5CDDD700FBA78F /* Debug */,
				E0F319AE1D5CDDD700FBA78F /* Release */,
			);
			defaultConfigurationIsVisible = 0;
			defaultConfigurationName = Release;
		};
		E0F319AF1D5CDDD700FBA78F /* Build configuration list for PBXNativeTarget "BooksAndMusicSearch" */ = {
			isa = XCConfigurationList;
			buildConfigurations = (
				E0F319B01D5CDDD700FBA78F /* Debug */,
				E0F319B11D5CDDD700FBA78F /* Release */,
			);
			defaultConfigurationIsVisible = 0;
			defaultConfigurationName = Release;
		};
		E0F319B21D5CDDD700FBA78F /* Build configuration list for PBXNativeTarget "BooksAndMusicSearchTests" */ = {
			isa = XCConfigurationList;
			buildConfigurations = (
				E0F319B31D5CDDD700FBA78F /* Debug */,
				E0F319B41D5CDDD700FBA78F /* Release */,
			);
			defaultConfigurationIsVisible = 0;
			defaultConfigurationName = Release;
		};
		E0F319B51D5CDDD700FBA78F /* Build configuration list for PBXNativeTarget "BooksAndMusicSearchUITests" */ = {
			isa = XCConfigurationList;
			buildConfigurations = (
				E0F319B61D5CDDD700FBA78F /* Debug */,
				E0F319B71D5CDDD700FBA78F /* Release */,
			);
			defaultConfigurationIsVisible = 0;
			defaultConfigurationName = Release;
		};
/* End XCConfigurationList section */
	};
	rootObject = E0F3197F1D5CDDD600FBA78F /* Project object */;
}
